
Microsoft Visual Studio Solution File, Format Version 12.00
# Visual Studio Version 17
VisualStudioVersion = 17.8.34511.84
MinimumVisualStudioVersion = 10.0.40219.1
Project("{FAE04EC0-301F-11D3-BF4B-00C04F79EFBC}") = "Ex03_Lab04", "Ex03_Lab04.csproj", "{6703B0D0-B64F-4A30-B171-320483D98C4A}"
EndProject
Global
	GlobalSection(SolutionConfigurationPlatforms) = preSolution
		Debug|Any CPU = Debug|Any CPU
		Release|Any CPU = Release|Any CPU
	EndGlobalSection
	GlobalSection(ProjectConfigurationPlatforms) = postSolution
		{6703B0D0-B64F-4A30-B171-320483D98C4A}.Debug|Any CPU.ActiveCfg = Debug|Any CPU
		{6703B0D0-B64F-4A30-B171-320483D98C4A}.Debug|Any CPU.Build.0 = Debug|Any CPU
		{6703B0D0-B64F-4A30-B171-320483D98C4A}.Release|Any CPU.ActiveCfg = Release|Any CPU
		{6703B0D0-B64F-4A30-B171-320483D98C4A}.Release|Any CPU.Build.0 = Release|Any CPU
	EndGlobalSection
	GlobalSection(SolutionProperties) = preSolution
		HideSolutionNode = FALSE
	EndGlobalSection
	GlobalSection(ExtensibilityGlobals) = postSolution
		SolutionGuid = {6C3EDB25-F242-4196-9E18-9A9EBC24434B}
	EndGlobalSection
EndGlobal
