
Microsoft Visual Studio Solution File, Format Version 12.00
# Visual Studio Version 17
VisualStudioVersion = 17.8.34511.84
MinimumVisualStudioVersion = 10.0.40219.1
Project("{FAE04EC0-301F-11D3-BF4B-00C04F79EFBC}") = "Review03", "Review03.csproj", "{8F387390-4FD0-4123-98E1-A5FC519A6B6E}"
EndProject
Global
	GlobalSection(SolutionConfigurationPlatforms) = preSolution
		Debug|Any CPU = Debug|Any CPU
		Release|Any CPU = Release|Any CPU
	EndGlobalSection
	GlobalSection(ProjectConfigurationPlatforms) = postSolution
		{8F387390-4FD0-4123-98E1-A5FC519A6B6E}.Debug|Any CPU.ActiveCfg = Debug|Any CPU
		{8F387390-4FD0-4123-98E1-A5FC519A6B6E}.Debug|Any CPU.Build.0 = Debug|Any CPU
		{8F387390-4FD0-4123-98E1-A5FC519A6B6E}.Release|Any CPU.ActiveCfg = Release|Any CPU
		{8F387390-4FD0-4123-98E1-A5FC519A6B6E}.Release|Any CPU.Build.0 = Release|Any CPU
	EndGlobalSection
	GlobalSection(SolutionProperties) = preSolution
		HideSolutionNode = FALSE
	EndGlobalSection
	GlobalSection(ExtensibilityGlobals) = postSolution
		SolutionGuid = {76F1F169-86AD-4524-A593-313D6538CA41}
	EndGlobalSection
EndGlobal
