
Microsoft Visual Studio Solution File, Format Version 12.00
# Visual Studio Version 17
VisualStudioVersion = 17.8.34525.116
MinimumVisualStudioVersion = 10.0.40219.1
Project("{FAE04EC0-301F-11D3-BF4B-00C04F79EFBC}") = "522H0064_lab4", "522H0064_lab4.csproj", "{BCF6A3B1-C19F-4A90-9D41-C5122BFA58A2}"
EndProject
Global
	GlobalSection(SolutionConfigurationPlatforms) = preSolution
		Debug|Any CPU = Debug|Any CPU
		Release|Any CPU = Release|Any CPU
	EndGlobalSection
	GlobalSection(ProjectConfigurationPlatforms) = postSolution
		{BCF6A3B1-C19F-4A90-9D41-C5122BFA58A2}.Debug|Any CPU.ActiveCfg = Debug|Any CPU
		{BCF6A3B1-C19F-4A90-9D41-C5122BFA58A2}.Debug|Any CPU.Build.0 = Debug|Any CPU
		{BCF6A3B1-C19F-4A90-9D41-C5122BFA58A2}.Release|Any CPU.ActiveCfg = Release|Any CPU
		{BCF6A3B1-C19F-4A90-9D41-C5122BFA58A2}.Release|Any CPU.Build.0 = Release|Any CPU
	EndGlobalSection
	GlobalSection(SolutionProperties) = preSolution
		HideSolutionNode = FALSE
	EndGlobalSection
	GlobalSection(ExtensibilityGlobals) = postSolution
		SolutionGuid = {52C74811-74CE-4AFA-BFD6-94CDCFC9A27A}
	EndGlobalSection
EndGlobal
